
Microsoft Visual Studio Solution File, Format Version 12.00
# Visual Studio Version 17
VisualStudioVersion = 17.0.31612.314
MinimumVisualStudioVersion = 10.0.40219.1
Project("{9A19103F-16F7-4668-BE54-9A1E7A4F7556}") = "LiStorageNode", "LiStorageNode\LiStorageNode.csproj", "{9B2E07D5-AA69-416A-9F93-BE31F325455C}"
EndProject
Project("{9A19103F-16F7-4668-BE54-9A1E7A4F7556}") = "LiStorage.Services", "LiStorage.Services\LiStorage.Services.csproj", "{7F3393A8-75C5-48D1-B43D-D3CD8487A3B6}"
EndProject
Project("{2150E333-8FDC-42A3-9474-1A3956D46DE8}") = "TestingTemp", "TestingTemp", "{706D586E-57D7-4B41-B11A-119355EB3C45}"
EndProject
Project("{9A19103F-16F7-4668-BE54-9A1E7A4F7556}") = "LiStorage.Models", "LiStorage.Models\LiStorage.Models.csproj", "{729BEF25-F3B8-44F9-B62F-C9ED22922D63}"
EndProject
Project("{9A19103F-16F7-4668-BE54-9A1E7A4F7556}") = "LiStorage.Helpers", "LiStorage.Helpers\LiStorage.Helpers.csproj", "{D17D6A3C-80CD-4727-854C-942504D8F876}"
EndProject
Project("{2150E333-8FDC-42A3-9474-1A3956D46DE8}") = "1.LiTools", "1.LiTools", "{AE6BB7EA-1EFE-416E-8D09-174D00552E25}"
EndProject
Project("{9A19103F-16F7-4668-BE54-9A1E7A4F7556}") = "LiTools.Helpers.IO", "..\..\LiTools\LiTools.Helpers.IO\LiTools.Helpers.IO.csproj", "{841C0BBB-DC6D-4F56-A45B-6FB7ED51190C}"
EndProject
Project("{9A19103F-16F7-4668-BE54-9A1E7A4F7556}") = "LiTools.Helpers.Convert", "..\..\LiTools\LiTools.Helpers.Convert\LiTools.Helpers.Convert.csproj", "{9B8CF5B1-172F-40CC-B923-941D62F34057}"
EndProject
Project("{9A19103F-16F7-4668-BE54-9A1E7A4F7556}") = "LiStorage.Gui", "LiStorage.Gui\LiStorage.Gui.csproj", "{87B85A20-D55B-41DA-B977-162A048306B9}"
EndProject
Project("{9A19103F-16F7-4668-BE54-9A1E7A4F7556}") = "LiStorage", "LiStorage\LiStorage.csproj", "{6295771A-39B0-4170-B407-DF1D30B6B9A9}"
EndProject
Project("{2150E333-8FDC-42A3-9474-1A3956D46DE8}") = "Starters", "Starters", "{C726A371-621F-441F-8386-E8C477C8DAD0}"
EndProject
Project("{2150E333-8FDC-42A3-9474-1A3956D46DE8}") = "Tests", "Tests", "{2535A9A3-4E2E-492C-82F9-7C1781AB40BB}"
EndProject
Project("{2150E333-8FDC-42A3-9474-1A3956D46DE8}") = "Old", "Old", "{6E87497F-B5D0-4977-A1C9-31EED7DB61F5}"
EndProject
Project("{9A19103F-16F7-4668-BE54-9A1E7A4F7556}") = "LiLog.Server", "LiLog.Server\LiLog.Server.csproj", "{41BB1B66-2696-4140-A297-5BEBD6446E73}"
EndProject
Project("{2150E333-8FDC-42A3-9474-1A3956D46DE8}") = "LiLog", "LiLog", "{E54F79F4-42F0-410D-8868-70D01A8F7A94}"
EndProject
Project("{9A19103F-16F7-4668-BE54-9A1E7A4F7556}") = "LiLog.Client", "LiLog.Client\LiLog.Client.csproj", "{8B234AAE-274D-4952-B2FE-1F95F4A94B69}"
EndProject
Project("{9A19103F-16F7-4668-BE54-9A1E7A4F7556}") = "LiLog.Models", "LiLog.Models\LiLog.Models.csproj", "{C8C1D2A9-F3A2-4CA8-8609-CD102CF9FF60}"
EndProject
Project("{9A19103F-16F7-4668-BE54-9A1E7A4F7556}") = "LiLog.Test.Client", "LiLog.Test.Client\LiLog.Test.Client.csproj", "{E29BCFB8-F3AA-46DA-A30D-66DB56B413B4}"
EndProject
Project("{FAE04EC0-301F-11D3-BF4B-00C04F79EFBC}") = "LiLog.Server.MongoDb", "LiLog.Server.MongoDb\LiLog.Server.MongoDb.csproj", "{47ACD773-1F8A-44E4-BC1E-22FB3041F5EC}"
EndProject
Global
	GlobalSection(SolutionConfigurationPlatforms) = preSolution
		Debug|Any CPU = Debug|Any CPU
		Release|Any CPU = Release|Any CPU
	EndGlobalSection
	GlobalSection(ProjectConfigurationPlatforms) = postSolution
		{9B2E07D5-AA69-416A-9F93-BE31F325455C}.Debug|Any CPU.ActiveCfg = Debug|Any CPU
		{9B2E07D5-AA69-416A-9F93-BE31F325455C}.Release|Any CPU.ActiveCfg = Release|Any CPU
		{9B2E07D5-AA69-416A-9F93-BE31F325455C}.Release|Any CPU.Build.0 = Release|Any CPU
		{7F3393A8-75C5-48D1-B43D-D3CD8487A3B6}.Debug|Any CPU.ActiveCfg = Debug|Any CPU
		{7F3393A8-75C5-48D1-B43D-D3CD8487A3B6}.Debug|Any CPU.Build.0 = Debug|Any CPU
		{7F3393A8-75C5-48D1-B43D-D3CD8487A3B6}.Release|Any CPU.ActiveCfg = Release|Any CPU
		{7F3393A8-75C5-48D1-B43D-D3CD8487A3B6}.Release|Any CPU.Build.0 = Release|Any CPU
		{729BEF25-F3B8-44F9-B62F-C9ED22922D63}.Debug|Any CPU.ActiveCfg = Debug|Any CPU
		{729BEF25-F3B8-44F9-B62F-C9ED22922D63}.Debug|Any CPU.Build.0 = Debug|Any CPU
		{729BEF25-F3B8-44F9-B62F-C9ED22922D63}.Release|Any CPU.ActiveCfg = Release|Any CPU
		{729BEF25-F3B8-44F9-B62F-C9ED22922D63}.Release|Any CPU.Build.0 = Release|Any CPU
		{D17D6A3C-80CD-4727-854C-942504D8F876}.Debug|Any CPU.ActiveCfg = Debug|Any CPU
		{D17D6A3C-80CD-4727-854C-942504D8F876}.Debug|Any CPU.Build.0 = Debug|Any CPU
		{D17D6A3C-80CD-4727-854C-942504D8F876}.Release|Any CPU.ActiveCfg = Release|Any CPU
		{D17D6A3C-80CD-4727-854C-942504D8F876}.Release|Any CPU.Build.0 = Release|Any CPU
		{841C0BBB-DC6D-4F56-A45B-6FB7ED51190C}.Debug|Any CPU.ActiveCfg = Debug|Any CPU
		{841C0BBB-DC6D-4F56-A45B-6FB7ED51190C}.Debug|Any CPU.Build.0 = Debug|Any CPU
		{841C0BBB-DC6D-4F56-A45B-6FB7ED51190C}.Release|Any CPU.ActiveCfg = Release|Any CPU
		{841C0BBB-DC6D-4F56-A45B-6FB7ED51190C}.Release|Any CPU.Build.0 = Release|Any CPU
		{9B8CF5B1-172F-40CC-B923-941D62F34057}.Debug|Any CPU.ActiveCfg = Debug|Any CPU
		{9B8CF5B1-172F-40CC-B923-941D62F34057}.Debug|Any CPU.Build.0 = Debug|Any CPU
		{9B8CF5B1-172F-40CC-B923-941D62F34057}.Release|Any CPU.ActiveCfg = Release|Any CPU
		{9B8CF5B1-172F-40CC-B923-941D62F34057}.Release|Any CPU.Build.0 = Release|Any CPU
		{87B85A20-D55B-41DA-B977-162A048306B9}.Debug|Any CPU.ActiveCfg = Debug|Any CPU
		{87B85A20-D55B-41DA-B977-162A048306B9}.Debug|Any CPU.Build.0 = Debug|Any CPU
		{87B85A20-D55B-41DA-B977-162A048306B9}.Release|Any CPU.ActiveCfg = Release|Any CPU
		{87B85A20-D55B-41DA-B977-162A048306B9}.Release|Any CPU.Build.0 = Release|Any CPU
		{6295771A-39B0-4170-B407-DF1D30B6B9A9}.Debug|Any CPU.ActiveCfg = Debug|Any CPU
		{6295771A-39B0-4170-B407-DF1D30B6B9A9}.Debug|Any CPU.Build.0 = Debug|Any CPU
		{6295771A-39B0-4170-B407-DF1D30B6B9A9}.Release|Any CPU.ActiveCfg = Release|Any CPU
		{6295771A-39B0-4170-B407-DF1D30B6B9A9}.Release|Any CPU.Build.0 = Release|Any CPU
		{41BB1B66-2696-4140-A297-5BEBD6446E73}.Debug|Any CPU.ActiveCfg = Debug|Any CPU
		{41BB1B66-2696-4140-A297-5BEBD6446E73}.Debug|Any CPU.Build.0 = Debug|Any CPU
		{41BB1B66-2696-4140-A297-5BEBD6446E73}.Release|Any CPU.ActiveCfg = Release|Any CPU
		{41BB1B66-2696-4140-A297-5BEBD6446E73}.Release|Any CPU.Build.0 = Release|Any CPU
		{8B234AAE-274D-4952-B2FE-1F95F4A94B69}.Debug|Any CPU.ActiveCfg = Debug|Any CPU
		{8B234AAE-274D-4952-B2FE-1F95F4A94B69}.Debug|Any CPU.Build.0 = Debug|Any CPU
		{8B234AAE-274D-4952-B2FE-1F95F4A94B69}.Release|Any CPU.ActiveCfg = Release|Any CPU
		{8B234AAE-274D-4952-B2FE-1F95F4A94B69}.Release|Any CPU.Build.0 = Release|Any CPU
		{C8C1D2A9-F3A2-4CA8-8609-CD102CF9FF60}.Debug|Any CPU.ActiveCfg = Debug|Any CPU
		{C8C1D2A9-F3A2-4CA8-8609-CD102CF9FF60}.Debug|Any CPU.Build.0 = Debug|Any CPU
		{C8C1D2A9-F3A2-4CA8-8609-CD102CF9FF60}.Release|Any CPU.ActiveCfg = Release|Any CPU
		{C8C1D2A9-F3A2-4CA8-8609-CD102CF9FF60}.Release|Any CPU.Build.0 = Release|Any CPU
		{E29BCFB8-F3AA-46DA-A30D-66DB56B413B4}.Debug|Any CPU.ActiveCfg = Debug|Any CPU
		{E29BCFB8-F3AA-46DA-A30D-66DB56B413B4}.Debug|Any CPU.Build.0 = Debug|Any CPU
		{E29BCFB8-F3AA-46DA-A30D-66DB56B413B4}.Release|Any CPU.ActiveCfg = Release|Any CPU
		{E29BCFB8-F3AA-46DA-A30D-66DB56B413B4}.Release|Any CPU.Build.0 = Release|Any CPU
		{47ACD773-1F8A-44E4-BC1E-22FB3041F5EC}.Debug|Any CPU.ActiveCfg = Debug|Any CPU
		{47ACD773-1F8A-44E4-BC1E-22FB3041F5EC}.Debug|Any CPU.Build.0 = Debug|Any CPU
		{47ACD773-1F8A-44E4-BC1E-22FB3041F5EC}.Release|Any CPU.ActiveCfg = Release|Any CPU
		{47ACD773-1F8A-44E4-BC1E-22FB3041F5EC}.Release|Any CPU.Build.0 = Release|Any CPU
	EndGlobalSection
	GlobalSection(SolutionProperties) = preSolution
		HideSolutionNode = FALSE
	EndGlobalSection
	GlobalSection(NestedProjects) = preSolution
		{9B2E07D5-AA69-416A-9F93-BE31F325455C} = {6E87497F-B5D0-4977-A1C9-31EED7DB61F5}
		{841C0BBB-DC6D-4F56-A45B-6FB7ED51190C} = {AE6BB7EA-1EFE-416E-8D09-174D00552E25}
		{9B8CF5B1-172F-40CC-B923-941D62F34057} = {AE6BB7EA-1EFE-416E-8D09-174D00552E25}
		{87B85A20-D55B-41DA-B977-162A048306B9} = {C726A371-621F-441F-8386-E8C477C8DAD0}
		{6295771A-39B0-4170-B407-DF1D30B6B9A9} = {C726A371-621F-441F-8386-E8C477C8DAD0}
		{41BB1B66-2696-4140-A297-5BEBD6446E73} = {E54F79F4-42F0-410D-8868-70D01A8F7A94}
		{8B234AAE-274D-4952-B2FE-1F95F4A94B69} = {E54F79F4-42F0-410D-8868-70D01A8F7A94}
		{C8C1D2A9-F3A2-4CA8-8609-CD102CF9FF60} = {E54F79F4-42F0-410D-8868-70D01A8F7A94}
		{E29BCFB8-F3AA-46DA-A30D-66DB56B413B4} = {E54F79F4-42F0-410D-8868-70D01A8F7A94}
		{47ACD773-1F8A-44E4-BC1E-22FB3041F5EC} = {E54F79F4-42F0-410D-8868-70D01A8F7A94}
	EndGlobalSection
	GlobalSection(ExtensibilityGlobals) = postSolution
		SolutionGuid = {59E8829D-A2BF-4DE2-93BA-9E57FD62429E}
	EndGlobalSection
EndGlobal
