
Microsoft Visual Studio Solution File, Format Version 12.00
# Visual Studio Version 16
VisualStudioVersion = 16.0.31320.298
MinimumVisualStudioVersion = 10.0.40219.1
Project("{9A19103F-16F7-4668-BE54-9A1E7A4F7556}") = "LiStorageNode", "LiStorageNode\LiStorageNode.csproj", "{9B2E07D5-AA69-416A-9F93-BE31F325455C}"
EndProject
Project("{9A19103F-16F7-4668-BE54-9A1E7A4F7556}") = "LiStorage.Services", "LiStorage.Services\LiStorage.Services.csproj", "{7F3393A8-75C5-48D1-B43D-D3CD8487A3B6}"
EndProject
Project("{2150E333-8FDC-42A3-9474-1A3956D46DE8}") = "1.Testing", "1.Testing", "{706D586E-57D7-4B41-B11A-119355EB3C45}"
EndProject
Project("{9A19103F-16F7-4668-BE54-9A1E7A4F7556}") = "LiStorage.Models", "LiStorage.Models\LiStorage.Models.csproj", "{729BEF25-F3B8-44F9-B62F-C9ED22922D63}"
EndProject
Project("{9A19103F-16F7-4668-BE54-9A1E7A4F7556}") = "LiStorage.Helpers", "LiStorage.Helpers\LiStorage.Helpers.csproj", "{D17D6A3C-80CD-4727-854C-942504D8F876}"
EndProject
Project("{2150E333-8FDC-42A3-9474-1A3956D46DE8}") = "1.LiTools", "1.LiTools", "{AE6BB7EA-1EFE-416E-8D09-174D00552E25}"
EndProject
Project("{9A19103F-16F7-4668-BE54-9A1E7A4F7556}") = "LiTools.Helpers.Convert", "..\..\LiTools\LiTools.Helpers.Convert\LiTools.Helpers.Convert.csproj", "{AC43295E-DB8C-4DF5-B0BB-06875BB3367B}"
EndProject
Global
	GlobalSection(SolutionConfigurationPlatforms) = preSolution
		Debug|Any CPU = Debug|Any CPU
		Release|Any CPU = Release|Any CPU
	EndGlobalSection
	GlobalSection(ProjectConfigurationPlatforms) = postSolution
		{9B2E07D5-AA69-416A-9F93-BE31F325455C}.Debug|Any CPU.ActiveCfg = Debug|Any CPU
		{9B2E07D5-AA69-416A-9F93-BE31F325455C}.Debug|Any CPU.Build.0 = Debug|Any CPU
		{9B2E07D5-AA69-416A-9F93-BE31F325455C}.Release|Any CPU.ActiveCfg = Release|Any CPU
		{9B2E07D5-AA69-416A-9F93-BE31F325455C}.Release|Any CPU.Build.0 = Release|Any CPU
		{7F3393A8-75C5-48D1-B43D-D3CD8487A3B6}.Debug|Any CPU.ActiveCfg = Debug|Any CPU
		{7F3393A8-75C5-48D1-B43D-D3CD8487A3B6}.Debug|Any CPU.Build.0 = Debug|Any CPU
		{7F3393A8-75C5-48D1-B43D-D3CD8487A3B6}.Release|Any CPU.ActiveCfg = Release|Any CPU
		{7F3393A8-75C5-48D1-B43D-D3CD8487A3B6}.Release|Any CPU.Build.0 = Release|Any CPU
		{729BEF25-F3B8-44F9-B62F-C9ED22922D63}.Debug|Any CPU.ActiveCfg = Debug|Any CPU
		{729BEF25-F3B8-44F9-B62F-C9ED22922D63}.Debug|Any CPU.Build.0 = Debug|Any CPU
		{729BEF25-F3B8-44F9-B62F-C9ED22922D63}.Release|Any CPU.ActiveCfg = Release|Any CPU
		{729BEF25-F3B8-44F9-B62F-C9ED22922D63}.Release|Any CPU.Build.0 = Release|Any CPU
		{D17D6A3C-80CD-4727-854C-942504D8F876}.Debug|Any CPU.ActiveCfg = Debug|Any CPU
		{D17D6A3C-80CD-4727-854C-942504D8F876}.Debug|Any CPU.Build.0 = Debug|Any CPU
		{D17D6A3C-80CD-4727-854C-942504D8F876}.Release|Any CPU.ActiveCfg = Release|Any CPU
		{D17D6A3C-80CD-4727-854C-942504D8F876}.Release|Any CPU.Build.0 = Release|Any CPU
		{AC43295E-DB8C-4DF5-B0BB-06875BB3367B}.Debug|Any CPU.ActiveCfg = Debug|Any CPU
		{AC43295E-DB8C-4DF5-B0BB-06875BB3367B}.Debug|Any CPU.Build.0 = Debug|Any CPU
		{AC43295E-DB8C-4DF5-B0BB-06875BB3367B}.Release|Any CPU.ActiveCfg = Release|Any CPU
		{AC43295E-DB8C-4DF5-B0BB-06875BB3367B}.Release|Any CPU.Build.0 = Release|Any CPU
	EndGlobalSection
	GlobalSection(SolutionProperties) = preSolution
		HideSolutionNode = FALSE
	EndGlobalSection
	GlobalSection(NestedProjects) = preSolution
		{AC43295E-DB8C-4DF5-B0BB-06875BB3367B} = {AE6BB7EA-1EFE-416E-8D09-174D00552E25}
	EndGlobalSection
	GlobalSection(ExtensibilityGlobals) = postSolution
		SolutionGuid = {59E8829D-A2BF-4DE2-93BA-9E57FD62429E}
	EndGlobalSection
EndGlobal
